// !$*UTF8*$!
{
	archiveVersion = 1;
	classes = {
	};
	objectVersion = 46;
	objects = {

/* Begin PBXBuildFile section */
		28ADB12219E807FF000D4E27 /* main.m in Sources */ = {isa = PBXBuildFile; fileRef = 28ADB12119E807FF000D4E27 /* main.m */; };
		28ADB12519E807FF000D4E27 /* AppDelegate.m in Sources */ = {isa = PBXBuildFile; fileRef = 28ADB12419E807FF000D4E27 /* AppDelegate.m */; };
		28ADB12D19E807FF000D4E27 /* Images.xcassets in Resources */ = {isa = PBXBuildFile; fileRef = 28ADB12C19E807FF000D4E27 /* Images.xcassets */; };
		28ADB13C19E807FF000D4E27 /* superProgramTests.m in Sources */ = {isa = PBXBuildFile; fileRef = 28ADB13B19E807FF000D4E27 /* superProgramTests.m */; };
		28ADB14719E80C09000D4E27 /* SystemConfiguration.framework in Frameworks */ = {isa = PBXBuildFile; fileRef = 28ADB14619E80C09000D4E27 /* SystemConfiguration.framework */; };
		28ADB14919E80C12000D4E27 /* UIKit.framework in Frameworks */ = {isa = PBXBuildFile; fileRef = 28ADB14819E80C12000D4E27 /* UIKit.framework */; };
		28ADB14B19E80C1A000D4E27 /* Foundation.framework in Frameworks */ = {isa = PBXBuildFile; fileRef = 28ADB14A19E80C1A000D4E27 /* Foundation.framework */; };
		28ADB14D19E80C23000D4E27 /* CoreGraphics.framework in Frameworks */ = {isa = PBXBuildFile; fileRef = 28ADB14C19E80C23000D4E27 /* CoreGraphics.framework */; };
		28ADB15219E80D0B000D4E27 /* Reachability.m in Sources */ = {isa = PBXBuildFile; fileRef = 28ADB15119E80D0B000D4E27 /* Reachability.m */; };
		28ADB15619E80E87000D4E27 /* HomeViewController.m in Sources */ = {isa = PBXBuildFile; fileRef = 28ADB15519E80E87000D4E27 /* HomeViewController.m */; };
/* End PBXBuildFile section */

/* Begin PBXContainerItemProxy section */
		28ADB13619E807FF000D4E27 /* PBXContainerItemProxy */ = {
			isa = PBXContainerItemProxy;
			containerPortal = 28ADB11419E807FF000D4E27 /* Project object */;
			proxyType = 1;
			remoteGlobalIDString = 28ADB11B19E807FF000D4E27;
			remoteInfo = superProgram;
		};
/* End PBXContainerItemProxy section */

/* Begin PBXFileReference section */
		28ADB11C19E807FF000D4E27 /* superProgram.app */ = {isa = PBXFileReference; explicitFileType = wrapper.application; includeInIndex = 0; path = superProgram.app; sourceTree = BUILT_PRODUCTS_DIR; };
		28ADB12019E807FF000D4E27 /* Info.plist */ = {isa = PBXFileReference; lastKnownFileType = text.plist.xml; path = Info.plist; sourceTree = "<group>"; };
		28ADB12119E807FF000D4E27 /* main.m */ = {isa = PBXFileReference; lastKnownFileType = sourcecode.c.objc; path = main.m; sourceTree = "<group>"; };
		28ADB12319E807FF000D4E27 /* AppDelegate.h */ = {isa = PBXFileReference; lastKnownFileType = sourcecode.c.h; path = AppDelegate.h; sourceTree = "<group>"; };
		28ADB12419E807FF000D4E27 /* AppDelegate.m */ = {isa = PBXFileReference; lastKnownFileType = sourcecode.c.objc; path = AppDelegate.m; sourceTree = "<group>"; };
		28ADB12C19E807FF000D4E27 /* Images.xcassets */ = {isa = PBXFileReference; lastKnownFileType = folder.assetcatalog; path = Images.xcassets; sourceTree = "<group>"; };
		28ADB13519E807FF000D4E27 /* superProgramTests.xctest */ = {isa = PBXFileReference; explicitFileType = wrapper.cfbundle; includeInIndex = 0; path = superProgramTests.xctest; sourceTree = BUILT_PRODUCTS_DIR; };
		28ADB13A19E807FF000D4E27 /* Info.plist */ = {isa = PBXFileReference; lastKnownFileType = text.plist.xml; path = Info.plist; sourceTree = "<group>"; };
		28ADB13B19E807FF000D4E27 /* superProgramTests.m */ = {isa = PBXFileReference; lastKnownFileType = sourcecode.c.objc; path = superProgramTests.m; sourceTree = "<group>"; };
		28ADB14619E80C09000D4E27 /* SystemConfiguration.framework */ = {isa = PBXFileReference; lastKnownFileType = wrapper.framework; name = SystemConfiguration.framework; path = System/Library/Frameworks/SystemConfiguration.framework; sourceTree = SDKROOT; };
		28ADB14819E80C12000D4E27 /* UIKit.framework */ = {isa = PBXFileReference; lastKnownFileType = wrapper.framework; name = UIKit.framework; path = System/Library/Frameworks/UIKit.framework; sourceTree = SDKROOT; };
		28ADB14A19E80C1A000D4E27 /* Foundation.framework */ = {isa = PBXFileReference; lastKnownFileType = wrapper.framework; name = Foundation.framework; path = System/Library/Frameworks/Foundation.framework; sourceTree = SDKROOT; };
		28ADB14C19E80C23000D4E27 /* CoreGraphics.framework */ = {isa = PBXFileReference; lastKnownFileType = wrapper.framework; name = CoreGraphics.framework; path = System/Library/Frameworks/CoreGraphics.framework; sourceTree = SDKROOT; };
		28ADB15019E80D0B000D4E27 /* Reachability.h */ = {isa = PBXFileReference; fileEncoding = 4; lastKnownFileType = sourcecode.c.h; path = Reachability.h; sourceTree = "<group>"; };
		28ADB15119E80D0B000D4E27 /* Reachability.m */ = {isa = PBXFileReference; fileEncoding = 4; lastKnownFileType = sourcecode.c.objc; path = Reachability.m; sourceTree = "<group>"; };
		28ADB15419E80E87000D4E27 /* HomeViewController.h */ = {isa = PBXFileReference; fileEncoding = 4; lastKnownFileType = sourcecode.c.h; path = HomeViewController.h; sourceTree = "<group>"; };
		28ADB15519E80E87000D4E27 /* HomeViewController.m */ = {isa = PBXFileReference; fileEncoding = 4; lastKnownFileType = sourcecode.c.objc; path = HomeViewController.m; sourceTree = "<group>"; };
/* End PBXFileReference section */

/* Begin PBXFrameworksBuildPhase section */
		28ADB11919E807FF000D4E27 /* Frameworks */ = {
			isa = PBXFrameworksBuildPhase;
			buildActionMask = 2147483647;
			files = (
				28ADB14D19E80C23000D4E27 /* CoreGraphics.framework in Frameworks */,
				28ADB14B19E80C1A000D4E27 /* Foundation.framework in Frameworks */,
				28ADB14919E80C12000D4E27 /* UIKit.framework in Frameworks */,
				28ADB14719E80C09000D4E27 /* SystemConfiguration.framework in Frameworks */,
			);
			runOnlyForDeploymentPostprocessing = 0;
		};
		28ADB13219E807FF000D4E27 /* Frameworks */ = {
			isa = PBXFrameworksBuildPhase;
			buildActionMask = 2147483647;
			files = (
			);
			runOnlyForDeploymentPostprocessing = 0;
		};
/* End PBXFrameworksBuildPhase section */

/* Begin PBXGroup section */
		28ADB11319E807FF000D4E27 = {
			isa = PBXGroup;
			children = (
				28ADB14E19E80C37000D4E27 /* Frameworks */,
				28ADB11E19E807FF000D4E27 /* superProgram */,
				28ADB13819E807FF000D4E27 /* superProgramTests */,
				28ADB11D19E807FF000D4E27 /* Products */,
			);
			sourceTree = "<group>";
		};
		28ADB11D19E807FF000D4E27 /* Products */ = {
			isa = PBXGroup;
			children = (
				28ADB11C19E807FF000D4E27 /* superProgram.app */,
				28ADB13519E807FF000D4E27 /* superProgramTests.xctest */,
			);
			name = Products;
			sourceTree = "<group>";
		};
		28ADB11E19E807FF000D4E27 /* superProgram */ = {
			isa = PBXGroup;
			children = (
				28ADB15319E80E6D000D4E27 /* controller */,
				28ADB14519E80AAF000D4E27 /* tools */,
				28ADB12319E807FF000D4E27 /* AppDelegate.h */,
				28ADB12419E807FF000D4E27 /* AppDelegate.m */,
				28ADB12C19E807FF000D4E27 /* Images.xcassets */,
				28ADB11F19E807FF000D4E27 /* Supporting Files */,
			);
			path = superProgram;
			sourceTree = "<group>";
		};
		28ADB11F19E807FF000D4E27 /* Supporting Files */ = {
			isa = PBXGroup;
			children = (
				28ADB12019E807FF000D4E27 /* Info.plist */,
				28ADB12119E807FF000D4E27 /* main.m */,
			);
			name = "Supporting Files";
			sourceTree = "<group>";
		};
		28ADB13819E807FF000D4E27 /* superProgramTests */ = {
			isa = PBXGroup;
			children = (
				28ADB13B19E807FF000D4E27 /* superProgramTests.m */,
				28ADB13919E807FF000D4E27 /* Supporting Files */,
			);
			path = superProgramTests;
			sourceTree = "<group>";
		};
		28ADB13919E807FF000D4E27 /* Supporting Files */ = {
			isa = PBXGroup;
			children = (
				28ADB13A19E807FF000D4E27 /* Info.plist */,
			);
			name = "Supporting Files";
			sourceTree = "<group>";
		};
		28ADB14519E80AAF000D4E27 /* tools */ = {
			isa = PBXGroup;
			children = (
				28ADB15719E81627000D4E27 /* MBProgressHUD */,
				28ADB14F19E80CDD000D4E27 /* Reachability */,
			);
			name = tools;
			sourceTree = "<group>";
		};
		28ADB14E19E80C37000D4E27 /* Frameworks */ = {
			isa = PBXGroup;
			children = (
				28ADB14C19E80C23000D4E27 /* CoreGraphics.framework */,
				28ADB14A19E80C1A000D4E27 /* Foundation.framework */,
				28ADB14819E80C12000D4E27 /* UIKit.framework */,
				28ADB14619E80C09000D4E27 /* SystemConfiguration.framework */,
			);
			name = Frameworks;
			sourceTree = "<group>";
		};
		28ADB14F19E80CDD000D4E27 /* Reachability */ = {
			isa = PBXGroup;
			children = (
				28ADB15019E80D0B000D4E27 /* Reachability.h */,
				28ADB15119E80D0B000D4E27 /* Reachability.m */,
			);
			name = Reachability;
			sourceTree = "<group>";
		};
		28ADB15319E80E6D000D4E27 /* controller */ = {
			isa = PBXGroup;
			children = (
				28ADB15419E80E87000D4E27 /* HomeViewController.h */,
				28ADB15519E80E87000D4E27 /* HomeViewController.m */,
			);
			name = controller;
			sourceTree = "<group>";
		};
		28ADB15719E81627000D4E27 /* MBProgressHUD */ = {
			isa = PBXGroup;
			children = (
			);
			name = MBProgressHUD;
			sourceTree = "<group>";
		};
/* End PBXGroup section */

/* Begin PBXNativeTarget section */
		28ADB11B19E807FF000D4E27 /* superProgram */ = {
			isa = PBXNativeTarget;
			buildConfigurationList = 28ADB13F19E807FF000D4E27 /* Build configuration list for PBXNativeTarget "superProgram" */;
			buildPhases = (
				28ADB11819E807FF000D4E27 /* Sources */,
				28ADB11919E807FF000D4E27 /* Frameworks */,
				28ADB11A19E807FF000D4E27 /* Resources */,
			);
			buildRules = (
			);
			dependencies = (
			);
			name = superProgram;
			productName = superProgram;
			productReference = 28ADB11C19E807FF000D4E27 /* superProgram.app */;
			productType = "com.apple.product-type.application";
		};
		28ADB13419E807FF000D4E27 /* superProgramTests */ = {
			isa = PBXNativeTarget;
			buildConfigurationList = 28ADB14219E807FF000D4E27 /* Build configuration list for PBXNativeTarget "superProgramTests" */;
			buildPhases = (
				28ADB13119E807FF000D4E27 /* Sources */,
				28ADB13219E807FF000D4E27 /* Frameworks */,
				28ADB13319E807FF000D4E27 /* Resources */,
			);
			buildRules = (
			);
			dependencies = (
				28ADB13719E807FF000D4E27 /* PBXTargetDependency */,
			);
			name = superProgramTests;
			productName = superProgramTests;
			productReference = 28ADB13519E807FF000D4E27 /* superProgramTests.xctest */;
			productType = "com.apple.product-type.bundle.unit-test";
		};
/* End PBXNativeTarget section */

/* Begin PBXProject section */
		28ADB11419E807FF000D4E27 /* Project object */ = {
			isa = PBXProject;
			attributes = {
				LastUpgradeCheck = 0600;
				ORGANIZATIONNAME = "朱孟乐";
				TargetAttributes = {
					28ADB11B19E807FF000D4E27 = {
						CreatedOnToolsVersion = 6.0.1;
					};
					28ADB13419E807FF000D4E27 = {
						CreatedOnToolsVersion = 6.0.1;
						TestTargetID = 28ADB11B19E807FF000D4E27;
					};
				};
			};
			buildConfigurationList = 28ADB11719E807FF000D4E27 /* Build configuration list for PBXProject "superProgram" */;
			compatibilityVersion = "Xcode 3.2";
			developmentRegion = English;
			hasScannedForEncodings = 0;
			knownRegions = (
				en,
				Base,
			);
			mainGroup = 28ADB11319E807FF000D4E27;
			productRefGroup = 28ADB11D19E807FF000D4E27 /* Products */;
			projectDirPath = "";
			projectRoot = "";
			targets = (
				28ADB11B19E807FF000D4E27 /* superProgram */,
				28ADB13419E807FF000D4E27 /* superProgramTests */,
			);
		};
/* End PBXProject section */

/* Begin PBXResourcesBuildPhase section */
		28ADB11A19E807FF000D4E27 /* Resources */ = {
			isa = PBXResourcesBuildPhase;
			buildActionMask = 2147483647;
			files = (
				28ADB12D19E807FF000D4E27 /* Images.xcassets in Resources */,
			);
			runOnlyForDeploymentPostprocessing = 0;
		};
		28ADB13319E807FF000D4E27 /* Resources */ = {
			isa = PBXResourcesBuildPhase;
			buildActionMask = 2147483647;
			files = (
			);
			runOnlyForDeploymentPostprocessing = 0;
		};
/* End PBXResourcesBuildPhase section */

/* Begin PBXSourcesBuildPhase section */
		28ADB11819E807FF000D4E27 /* Sources */ = {
			isa = PBXSourcesBuildPhase;
			buildActionMask = 2147483647;
			files = (
				28ADB12519E807FF000D4E27 /* AppDelegate.m in Sources */,
				28ADB15219E80D0B000D4E27 /* Reachability.m in Sources */,
				28ADB12219E807FF000D4E27 /* main.m in Sources */,
				28ADB15619E80E87000D4E27 /* HomeViewController.m in Sources */,
			);
			runOnlyForDeploymentPostprocessing = 0;
		};
		28ADB13119E807FF000D4E27 /* Sources */ = {
			isa = PBXSourcesBuildPhase;
			buildActionMask = 2147483647;
			files = (
				28ADB13C19E807FF000D4E27 /* superProgramTests.m in Sources */,
			);
			runOnlyForDeploymentPostprocessing = 0;
		};
/* End PBXSourcesBuildPhase section */

/* Begin PBXTargetDependency section */
		28ADB13719E807FF000D4E27 /* PBXTargetDependency */ = {
			isa = PBXTargetDependency;
			target = 28ADB11B19E807FF000D4E27 /* superProgram */;
			targetProxy = 28ADB13619E807FF000D4E27 /* PBXContainerItemProxy */;
		};
/* End PBXTargetDependency section */

/* Begin XCBuildConfiguration section */
		28ADB13D19E807FF000D4E27 /* Debug */ = {
			isa = XCBuildConfiguration;
			buildSettings = {
				ALWAYS_SEARCH_USER_PATHS = NO;
				CLANG_CXX_LANGUAGE_STANDARD = "gnu++0x";
				CLANG_CXX_LIBRARY = "libc++";
				CLANG_ENABLE_MODULES = YES;
				CLANG_ENABLE_OBJC_ARC = YES;
				CLANG_WARN_BOOL_CONVERSION = YES;
				CLANG_WARN_CONSTANT_CONVERSION = YES;
				CLANG_WARN_DIRECT_OBJC_ISA_USAGE = YES_ERROR;
				CLANG_WARN_EMPTY_BODY = YES;
				CLANG_WARN_ENUM_CONVERSION = YES;
				CLANG_WARN_INT_CONVERSION = YES;
				CLANG_WARN_OBJC_ROOT_CLASS = YES_ERROR;
				CLANG_WARN_UNREACHABLE_CODE = YES;
				CLANG_WARN__DUPLICATE_METHOD_MATCH = YES;
				"CODE_SIGN_IDENTITY[sdk=iphoneos*]" = "iPhone Developer";
				COPY_PHASE_STRIP = NO;
				ENABLE_STRICT_OBJC_MSGSEND = YES;
				GCC_C_LANGUAGE_STANDARD = gnu99;
				GCC_DYNAMIC_NO_PIC = NO;
				GCC_OPTIMIZATION_LEVEL = 0;
				GCC_PREPROCESSOR_DEFINITIONS = (
					"DEBUG=1",
					"$(inherited)",
				);
				GCC_SYMBOLS_PRIVATE_EXTERN = NO;
				GCC_WARN_64_TO_32_BIT_CONVERSION = YES;
				GCC_WARN_ABOUT_RETURN_TYPE = YES_ERROR;
				GCC_WARN_UNDECLARED_SELECTOR = YES;
				GCC_WARN_UNINITIALIZED_AUTOS = YES_AGGRESSIVE;
				GCC_WARN_UNUSED_FUNCTION = YES;
				GCC_WARN_UNUSED_VARIABLE = YES;
				IPHONEOS_DEPLOYMENT_TARGET = 8.0;
				MTL_ENABLE_DEBUG_INFO = YES;
				ONLY_ACTIVE_ARCH = YES;
				SDKROOT = iphoneos;
			};
			name = Debug;
		};
		28ADB13E19E807FF000D4E27 /* Release */ = {
			isa = XCBuildConfiguration;
			buildSettings = {
				ALWAYS_SEARCH_USER_PATHS = NO;
				CLANG_CXX_LANGUAGE_STANDARD = "gnu++0x";
				CLANG_CXX_LIBRARY = "libc++";
				CLANG_ENABLE_MODULES = YES;
				CLANG_ENABLE_OBJC_ARC = YES;
				CLANG_WARN_BOOL_CONVERSION = YES;
				CLANG_WARN_CONSTANT_CONVERSION = YES;
				CLANG_WARN_DIRECT_OBJC_ISA_USAGE = YES_ERROR;
				CLANG_WARN_EMPTY_BODY = YES;
				CLANG_WARN_ENUM_CONVERSION = YES;
				CLANG_WARN_INT_CONVERSION = YES;
				CLANG_WARN_OBJC_ROOT_CLASS = YES_ERROR;
				CLANG_WARN_UNREACHABLE_CODE = YES;
				CLANG_WARN__DUPLICATE_METHOD_MATCH = YES;
				"CODE_SIGN_IDENTITY[sdk=iphoneos*]" = "iPhone Developer";
				COPY_PHASE_STRIP = YES;
				ENABLE_NS_ASSERTIONS = NO;
				ENABLE_STRICT_OBJC_MSGSEND = YES;
				GCC_C_LANGUAGE_STANDARD = gnu99;
				GCC_WARN_64_TO_32_BIT_CONVERSION = YES;
				GCC_WARN_ABOUT_RETURN_TYPE = YES_ERROR;
				GCC_WARN_UNDECLARED_SELECTOR = YES;
				GCC_WARN_UNINITIALIZED_AUTOS = YES_AGGRESSIVE;
				GCC_WARN_UNUSED_FUNCTION = YES;
				GCC_WARN_UNUSED_VARIABLE = YES;
				IPHONEOS_DEPLOYMENT_TARGET = 8.0;
				MTL_ENABLE_DEBUG_INFO = NO;
				SDKROOT = iphoneos;
				VALIDATE_PRODUCT = YES;
			};
			name = Release;
		};
		28ADB14019E807FF000D4E27 /* Debug */ = {
			isa = XCBuildConfiguration;
			buildSettings = {
				ASSETCATALOG_COMPILER_APPICON_NAME = AppIcon;
				INFOPLIST_FILE = superProgram/Info.plist;
				LD_RUNPATH_SEARCH_PATHS = "$(inherited) @executable_path/Frameworks";
				PRODUCT_NAME = "$(TARGET_NAME)";
			};
			name = Debug;
		};
		28ADB14119E807FF000D4E27 /* Release */ = {
			isa = XCBuildConfiguration;
			buildSettings = {
				ASSETCATALOG_COMPILER_APPICON_NAME = AppIcon;
				INFOPLIST_FILE = superProgram/Info.plist;
				LD_RUNPATH_SEARCH_PATHS = "$(inherited) @executable_path/Frameworks";
				PRODUCT_NAME = "$(TARGET_NAME)";
			};
			name = Release;
		};
		28ADB14319E807FF000D4E27 /* Debug */ = {
			isa = XCBuildConfiguration;
			buildSettings = {
				BUNDLE_LOADER = "$(TEST_HOST)";
				FRAMEWORK_SEARCH_PATHS = (
					"$(SDKROOT)/Developer/Library/Frameworks",
					"$(inherited)",
				);
				GCC_PREPROCESSOR_DEFINITIONS = (
					"DEBUG=1",
					"$(inherited)",
				);
				INFOPLIST_FILE = superProgramTests/Info.plist;
				LD_RUNPATH_SEARCH_PATHS = "$(inherited) @executable_path/Frameworks @loader_path/Frameworks";
				PRODUCT_NAME = "$(TARGET_NAME)";
				TEST_HOST = "$(BUILT_PRODUCTS_DIR)/superProgram.app/superProgram";
			};
			name = Debug;
		};
		28ADB14419E807FF000D4E27 /* Release */ = {
			isa = XCBuildConfiguration;
			buildSettings = {
				BUNDLE_LOADER = "$(TEST_HOST)";
				FRAMEWORK_SEARCH_PATHS = (
					"$(SDKROOT)/Developer/Library/Frameworks",
					"$(inherited)",
				);
				INFOPLIST_FILE = superProgramTests/Info.plist;
				LD_RUNPATH_SEARCH_PATHS = "$(inherited) @executable_path/Frameworks @loader_path/Frameworks";
				PRODUCT_NAME = "$(TARGET_NAME)";
				TEST_HOST = "$(BUILT_PRODUCTS_DIR)/superProgram.app/superProgram";
			};
			name = Release;
		};
/* End XCBuildConfiguration section */

/* Begin XCConfigurationList section */
		28ADB11719E807FF000D4E27 /* Build configuration list for PBXProject "superProgram" */ = {
			isa = XCConfigurationList;
			buildConfigurations = (
				28ADB13D19E807FF000D4E27 /* Debug */,
				28ADB13E19E807FF000D4E27 /* Release */,
			);
			defaultConfigurationIsVisible = 0;
			defaultConfigurationName = Release;
		};
		28ADB13F19E807FF000D4E27 /* Build configuration list for PBXNativeTarget "superProgram" */ = {
			isa = XCConfigurationList;
			buildConfigurations = (
				28ADB14019E807FF000D4E27 /* Debug */,
				28ADB14119E807FF000D4E27 /* Release */,
			);
			defaultConfigurationIsVisible = 0;
			defaultConfigurationName = Release;
		};
		28ADB14219E807FF000D4E27 /* Build configuration list for PBXNativeTarget "superProgramTests" */ = {
			isa = XCConfigurationList;
			buildConfigurations = (
				28ADB14319E807FF000D4E27 /* Debug */,
				28ADB14419E807FF000D4E27 /* Release */,
			);
			defaultConfigurationIsVisible = 0;
			defaultConfigurationName = Release;
		};
/* End XCConfigurationList section */
	};
	rootObject = 28ADB11419E807FF000D4E27 /* Project object */;
}
